
Microsoft Visual Studio Solution File, Format Version 12.00
# Visual Studio Version 17
VisualStudioVersion = 17.5.33516.290
MinimumVisualStudioVersion = 10.0.40219.1
Project("{9A19103F-16F7-4668-BE54-9A1E7A4F7556}") = "TeduEcommerce.Domain", "src\TeduEcommerce.Domain\TeduEcommerce.Domain.csproj", "{554AD327-6DBA-4F8F-96F8-81CE7A0C863F}"
EndProject
Project("{9A19103F-16F7-4668-BE54-9A1E7A4F7556}") = "TeduEcommerce.Application", "src\TeduEcommerce.Application\TeduEcommerce.Application.csproj", "{1A94A50E-06DC-43C1-80B5-B662820EC3EB}"
EndProject
Project("{9A19103F-16F7-4668-BE54-9A1E7A4F7556}") = "TeduEcommerce.EntityFrameworkCore", "src\TeduEcommerce.EntityFrameworkCore\TeduEcommerce.EntityFrameworkCore.csproj", "{C956DD76-69C8-4A9C-83EA-D17DF83340FD}"
EndProject
Project("{2150E333-8FDC-42A3-9474-1A3956D46DE8}") = "src", "src", "{CA9AC87F-097E-4F15-8393-4BC07735A5B0}"
EndProject
Project("{2150E333-8FDC-42A3-9474-1A3956D46DE8}") = "test", "test", "{04DBDB01-70F4-4E06-B468-8F87850B22BE}"
EndProject
Project("{9A19103F-16F7-4668-BE54-9A1E7A4F7556}") = "TeduEcommerce.Application.Tests", "test\TeduEcommerce.Application.Tests\TeduEcommerce.Application.Tests.csproj", "{50B2631D-129C-47B3-A587-029CCD6099BC}"
EndProject
Project("{9A19103F-16F7-4668-BE54-9A1E7A4F7556}") = "TeduEcommerce.Domain.Shared", "src\TeduEcommerce.Domain.Shared\TeduEcommerce.Domain.Shared.csproj", "{42F719ED-8413-4895-B5B4-5AB56079BC66}"
EndProject
Project("{9A19103F-16F7-4668-BE54-9A1E7A4F7556}") = "TeduEcommerce.Application.Contracts", "src\TeduEcommerce.Application.Contracts\TeduEcommerce.Application.Contracts.csproj", "{520659C8-C734-4298-A3DA-B539DB9DFC0B}"
EndProject
Project("{9A19103F-16F7-4668-BE54-9A1E7A4F7556}") = "TeduEcommerce.HttpApi", "src\TeduEcommerce.HttpApi\TeduEcommerce.HttpApi.csproj", "{4164BDF7-F527-4E85-9CE6-E3C2D7426A27}"
EndProject
Project("{9A19103F-16F7-4668-BE54-9A1E7A4F7556}") = "TeduEcommerce.HttpApi.Client", "src\TeduEcommerce.HttpApi.Client\TeduEcommerce.HttpApi.Client.csproj", "{3B5A0094-670D-4BB1-BFDD-61B88A8773DC}"
EndProject
Project("{9A19103F-16F7-4668-BE54-9A1E7A4F7556}") = "TeduEcommerce.AuthServer", "src\TeduEcommerce.AuthServer\TeduEcommerce.AuthServer.csproj", "{073C361E-B8F4-49F5-93CC-72A3FF49C026}"
EndProject
Project("{9A19103F-16F7-4668-BE54-9A1E7A4F7556}") = "TeduEcommerce.HttpApi.Host", "src\TeduEcommerce.HttpApi.Host\TeduEcommerce.HttpApi.Host.csproj", "{E6D5BF0E-DE92-4D82-A352-EF04B37CB11C}"
EndProject
Project("{9A19103F-16F7-4668-BE54-9A1E7A4F7556}") = "TeduEcommerce.EntityFrameworkCore.Tests", "test\TeduEcommerce.EntityFrameworkCore.Tests\TeduEcommerce.EntityFrameworkCore.Tests.csproj", "{1FE30EB9-74A9-47F5-A9F6-7B1FAB672D81}"
EndProject
Project("{9A19103F-16F7-4668-BE54-9A1E7A4F7556}") = "TeduEcommerce.TestBase", "test\TeduEcommerce.TestBase\TeduEcommerce.TestBase.csproj", "{91853F21-9CD9-4132-BC29-A7D5D84FFFE7}"
EndProject
Project("{9A19103F-16F7-4668-BE54-9A1E7A4F7556}") = "TeduEcommerce.Domain.Tests", "test\TeduEcommerce.Domain.Tests\TeduEcommerce.Domain.Tests.csproj", "{E512F4D9-9375-480F-A2F6-A46509F9D824}"
EndProject
Project("{9A19103F-16F7-4668-BE54-9A1E7A4F7556}") = "TeduEcommerce.HttpApi.Client.ConsoleTestApp", "test\TeduEcommerce.HttpApi.Client.ConsoleTestApp\TeduEcommerce.HttpApi.Client.ConsoleTestApp.csproj", "{EF480016-9127-4916-8735-D2466BDBC582}"
EndProject
Project("{9A19103F-16F7-4668-BE54-9A1E7A4F7556}") = "TeduEcommerce.DbMigrator", "src\TeduEcommerce.DbMigrator\TeduEcommerce.DbMigrator.csproj", "{AA94D832-1CCC-4715-95A9-A483F23A1A5D}"
EndProject
Project("{2150E333-8FDC-42A3-9474-1A3956D46DE8}") = "identity", "identity", "{C55351CE-5AF2-47EF-B0D6-CB6D4ED73D3C}"
EndProject
Project("{2150E333-8FDC-42A3-9474-1A3956D46DE8}") = "common", "common", "{B2A21006-B87A-45E2-8E00-146F13D9434B}"
EndProject
Project("{2150E333-8FDC-42A3-9474-1A3956D46DE8}") = "infrastructure", "infrastructure", "{AA0C389B-A72B-494B-9457-0B6AC4E8DCB8}"
EndProject
Project("{2150E333-8FDC-42A3-9474-1A3956D46DE8}") = "domain", "domain", "{265B7F20-3A97-4343-A566-04A254A07DD8}"
EndProject
Project("{2150E333-8FDC-42A3-9474-1A3956D46DE8}") = "public", "public", "{89AFA7CA-DEFB-4F3A-A2F5-7B294750BD34}"
EndProject
Project("{2150E333-8FDC-42A3-9474-1A3956D46DE8}") = "admin", "admin", "{6672272A-B662-4617-85B1-F8614CBD4D36}"
EndProject
Project("{9A19103F-16F7-4668-BE54-9A1E7A4F7556}") = "TeduEcommerce.Admin.Application", "src\TeduEcommerce.Admin.Application\TeduEcommerce.Admin.Application.csproj", "{22B34970-E224-48FA-A881-58186C1B9580}"
EndProject
Project("{9A19103F-16F7-4668-BE54-9A1E7A4F7556}") = "TeduEcommerce.Admin.Application.Contracts", "src\TeduEcommerce.Admin.Application.Contracts\TeduEcommerce.Admin.Application.Contracts.csproj", "{6C9DE05F-473F-4B33-A3F6-BEF11C4A8172}"
EndProject
Project("{9A19103F-16F7-4668-BE54-9A1E7A4F7556}") = "TeduEcommerce.Admin.HttpApi", "src\TeduEcommerce.Admin.HttpApi\TeduEcommerce.Admin.HttpApi.csproj", "{203DD14D-5680-42DC-823E-D881825C87C3}"
EndProject
Project("{9A19103F-16F7-4668-BE54-9A1E7A4F7556}") = "TeduEcommerce.Admin.HttpApi.Client", "src\TeduEcommerce.Admin.HttpApi.Client\TeduEcommerce.Admin.HttpApi.Client.csproj", "{C9FB66A5-9B4D-462E-90CE-0E02B65B6AF0}"
EndProject
Project("{9A19103F-16F7-4668-BE54-9A1E7A4F7556}") = "TeduEcommerce.Admin.HttpApi.Host", "src\TeduEcommerce.Admin.HttpApi.Host\TeduEcommerce.Admin.HttpApi.Host.csproj", "{720813B8-14AF-471F-89CC-E53BC2EA0ED3}"
EndProject
Project("{2150E333-8FDC-42A3-9474-1A3956D46DE8}") = "public", "public", "{590A9CA3-465F-4056-8BD0-F4A4F7A474B3}"
EndProject
Project("{2150E333-8FDC-42A3-9474-1A3956D46DE8}") = "admin", "admin", "{6FD5415C-3066-4199-A311-1B96B08497CB}"
EndProject
Project("{9A19103F-16F7-4668-BE54-9A1E7A4F7556}") = "TeduEcommerce.Amin.Application.Tests", "test\TeduEcommerce.Admin.Application.Tests\TeduEcommerce.Amin.Application.Tests.csproj", "{253BF1BC-727F-4A06-8142-BD67BA4A795E}"
EndProject
Project("{9A19103F-16F7-4668-BE54-9A1E7A4F7556}") = "TeduEcommerce.Admin.HttpApi.Client.ConsoleTestApp", "test\TeduEcommerce.Admin.HttpApi.Client.ConsoleTestApp\TeduEcommerce.Admin.HttpApi.Client.ConsoleTestApp.csproj", "{8D7B671D-2DED-4F6C-8B40-D7282DF6A5A6}"
EndProject
Project("{2150E333-8FDC-42A3-9474-1A3956D46DE8}") = "shared", "shared", "{84026F2C-8B39-4F9E-B103-3C5E669F6D23}"
EndProject
Global
	GlobalSection(SolutionConfigurationPlatforms) = preSolution
		Debug|Any CPU = Debug|Any CPU
		Release|Any CPU = Release|Any CPU
	EndGlobalSection
	GlobalSection(ProjectConfigurationPlatforms) = postSolution
		{554AD327-6DBA-4F8F-96F8-81CE7A0C863F}.Debug|Any CPU.ActiveCfg = Debug|Any CPU
		{554AD327-6DBA-4F8F-96F8-81CE7A0C863F}.Debug|Any CPU.Build.0 = Debug|Any CPU
		{554AD327-6DBA-4F8F-96F8-81CE7A0C863F}.Release|Any CPU.ActiveCfg = Release|Any CPU
		{554AD327-6DBA-4F8F-96F8-81CE7A0C863F}.Release|Any CPU.Build.0 = Release|Any CPU
		{1A94A50E-06DC-43C1-80B5-B662820EC3EB}.Debug|Any CPU.ActiveCfg = Debug|Any CPU
		{1A94A50E-06DC-43C1-80B5-B662820EC3EB}.Debug|Any CPU.Build.0 = Debug|Any CPU
		{1A94A50E-06DC-43C1-80B5-B662820EC3EB}.Release|Any CPU.ActiveCfg = Release|Any CPU
		{1A94A50E-06DC-43C1-80B5-B662820EC3EB}.Release|Any CPU.Build.0 = Release|Any CPU
		{C956DD76-69C8-4A9C-83EA-D17DF83340FD}.Debug|Any CPU.ActiveCfg = Debug|Any CPU
		{C956DD76-69C8-4A9C-83EA-D17DF83340FD}.Debug|Any CPU.Build.0 = Debug|Any CPU
		{C956DD76-69C8-4A9C-83EA-D17DF83340FD}.Release|Any CPU.ActiveCfg = Release|Any CPU
		{C956DD76-69C8-4A9C-83EA-D17DF83340FD}.Release|Any CPU.Build.0 = Release|Any CPU
		{50B2631D-129C-47B3-A587-029CCD6099BC}.Debug|Any CPU.ActiveCfg = Debug|Any CPU
		{50B2631D-129C-47B3-A587-029CCD6099BC}.Debug|Any CPU.Build.0 = Debug|Any CPU
		{50B2631D-129C-47B3-A587-029CCD6099BC}.Release|Any CPU.ActiveCfg = Release|Any CPU
		{50B2631D-129C-47B3-A587-029CCD6099BC}.Release|Any CPU.Build.0 = Release|Any CPU
		{42F719ED-8413-4895-B5B4-5AB56079BC66}.Debug|Any CPU.ActiveCfg = Debug|Any CPU
		{42F719ED-8413-4895-B5B4-5AB56079BC66}.Debug|Any CPU.Build.0 = Debug|Any CPU
		{42F719ED-8413-4895-B5B4-5AB56079BC66}.Release|Any CPU.ActiveCfg = Release|Any CPU
		{42F719ED-8413-4895-B5B4-5AB56079BC66}.Release|Any CPU.Build.0 = Release|Any CPU
		{520659C8-C734-4298-A3DA-B539DB9DFC0B}.Debug|Any CPU.ActiveCfg = Debug|Any CPU
		{520659C8-C734-4298-A3DA-B539DB9DFC0B}.Debug|Any CPU.Build.0 = Debug|Any CPU
		{520659C8-C734-4298-A3DA-B539DB9DFC0B}.Release|Any CPU.ActiveCfg = Release|Any CPU
		{520659C8-C734-4298-A3DA-B539DB9DFC0B}.Release|Any CPU.Build.0 = Release|Any CPU
		{4164BDF7-F527-4E85-9CE6-E3C2D7426A27}.Debug|Any CPU.ActiveCfg = Debug|Any CPU
		{4164BDF7-F527-4E85-9CE6-E3C2D7426A27}.Debug|Any CPU.Build.0 = Debug|Any CPU
		{4164BDF7-F527-4E85-9CE6-E3C2D7426A27}.Release|Any CPU.ActiveCfg = Release|Any CPU
		{4164BDF7-F527-4E85-9CE6-E3C2D7426A27}.Release|Any CPU.Build.0 = Release|Any CPU
		{3B5A0094-670D-4BB1-BFDD-61B88A8773DC}.Debug|Any CPU.ActiveCfg = Debug|Any CPU
		{3B5A0094-670D-4BB1-BFDD-61B88A8773DC}.Debug|Any CPU.Build.0 = Debug|Any CPU
		{3B5A0094-670D-4BB1-BFDD-61B88A8773DC}.Release|Any CPU.ActiveCfg = Release|Any CPU
		{3B5A0094-670D-4BB1-BFDD-61B88A8773DC}.Release|Any CPU.Build.0 = Release|Any CPU
		{073C361E-B8F4-49F5-93CC-72A3FF49C026}.Debug|Any CPU.ActiveCfg = Debug|Any CPU
		{073C361E-B8F4-49F5-93CC-72A3FF49C026}.Debug|Any CPU.Build.0 = Debug|Any CPU
		{073C361E-B8F4-49F5-93CC-72A3FF49C026}.Release|Any CPU.ActiveCfg = Release|Any CPU
		{073C361E-B8F4-49F5-93CC-72A3FF49C026}.Release|Any CPU.Build.0 = Release|Any CPU
		{E6D5BF0E-DE92-4D82-A352-EF04B37CB11C}.Debug|Any CPU.ActiveCfg = Debug|Any CPU
		{E6D5BF0E-DE92-4D82-A352-EF04B37CB11C}.Debug|Any CPU.Build.0 = Debug|Any CPU
		{E6D5BF0E-DE92-4D82-A352-EF04B37CB11C}.Release|Any CPU.ActiveCfg = Release|Any CPU
		{E6D5BF0E-DE92-4D82-A352-EF04B37CB11C}.Release|Any CPU.Build.0 = Release|Any CPU
		{1FE30EB9-74A9-47F5-A9F6-7B1FAB672D81}.Debug|Any CPU.ActiveCfg = Debug|Any CPU
		{1FE30EB9-74A9-47F5-A9F6-7B1FAB672D81}.Debug|Any CPU.Build.0 = Debug|Any CPU
		{1FE30EB9-74A9-47F5-A9F6-7B1FAB672D81}.Release|Any CPU.ActiveCfg = Release|Any CPU
		{1FE30EB9-74A9-47F5-A9F6-7B1FAB672D81}.Release|Any CPU.Build.0 = Release|Any CPU
		{91853F21-9CD9-4132-BC29-A7D5D84FFFE7}.Debug|Any CPU.ActiveCfg = Debug|Any CPU
		{91853F21-9CD9-4132-BC29-A7D5D84FFFE7}.Debug|Any CPU.Build.0 = Debug|Any CPU
		{91853F21-9CD9-4132-BC29-A7D5D84FFFE7}.Release|Any CPU.ActiveCfg = Release|Any CPU
		{91853F21-9CD9-4132-BC29-A7D5D84FFFE7}.Release|Any CPU.Build.0 = Release|Any CPU
		{E512F4D9-9375-480F-A2F6-A46509F9D824}.Debug|Any CPU.ActiveCfg = Debug|Any CPU
		{E512F4D9-9375-480F-A2F6-A46509F9D824}.Debug|Any CPU.Build.0 = Debug|Any CPU
		{E512F4D9-9375-480F-A2F6-A46509F9D824}.Release|Any CPU.ActiveCfg = Release|Any CPU
		{E512F4D9-9375-480F-A2F6-A46509F9D824}.Release|Any CPU.Build.0 = Release|Any CPU
		{EF480016-9127-4916-8735-D2466BDBC582}.Debug|Any CPU.ActiveCfg = Debug|Any CPU
		{EF480016-9127-4916-8735-D2466BDBC582}.Debug|Any CPU.Build.0 = Debug|Any CPU
		{EF480016-9127-4916-8735-D2466BDBC582}.Release|Any CPU.ActiveCfg = Release|Any CPU
		{EF480016-9127-4916-8735-D2466BDBC582}.Release|Any CPU.Build.0 = Release|Any CPU
		{AA94D832-1CCC-4715-95A9-A483F23A1A5D}.Debug|Any CPU.ActiveCfg = Debug|Any CPU
		{AA94D832-1CCC-4715-95A9-A483F23A1A5D}.Debug|Any CPU.Build.0 = Debug|Any CPU
		{AA94D832-1CCC-4715-95A9-A483F23A1A5D}.Release|Any CPU.ActiveCfg = Release|Any CPU
		{AA94D832-1CCC-4715-95A9-A483F23A1A5D}.Release|Any CPU.Build.0 = Release|Any CPU
		{22B34970-E224-48FA-A881-58186C1B9580}.Debug|Any CPU.ActiveCfg = Debug|Any CPU
		{22B34970-E224-48FA-A881-58186C1B9580}.Debug|Any CPU.Build.0 = Debug|Any CPU
		{22B34970-E224-48FA-A881-58186C1B9580}.Release|Any CPU.ActiveCfg = Release|Any CPU
		{22B34970-E224-48FA-A881-58186C1B9580}.Release|Any CPU.Build.0 = Release|Any CPU
		{6C9DE05F-473F-4B33-A3F6-BEF11C4A8172}.Debug|Any CPU.ActiveCfg = Debug|Any CPU
		{6C9DE05F-473F-4B33-A3F6-BEF11C4A8172}.Debug|Any CPU.Build.0 = Debug|Any CPU
		{6C9DE05F-473F-4B33-A3F6-BEF11C4A8172}.Release|Any CPU.ActiveCfg = Release|Any CPU
		{6C9DE05F-473F-4B33-A3F6-BEF11C4A8172}.Release|Any CPU.Build.0 = Release|Any CPU
		{203DD14D-5680-42DC-823E-D881825C87C3}.Debug|Any CPU.ActiveCfg = Debug|Any CPU
		{203DD14D-5680-42DC-823E-D881825C87C3}.Debug|Any CPU.Build.0 = Debug|Any CPU
		{203DD14D-5680-42DC-823E-D881825C87C3}.Release|Any CPU.ActiveCfg = Release|Any CPU
		{203DD14D-5680-42DC-823E-D881825C87C3}.Release|Any CPU.Build.0 = Release|Any CPU
		{C9FB66A5-9B4D-462E-90CE-0E02B65B6AF0}.Debug|Any CPU.ActiveCfg = Debug|Any CPU
		{C9FB66A5-9B4D-462E-90CE-0E02B65B6AF0}.Debug|Any CPU.Build.0 = Debug|Any CPU
		{C9FB66A5-9B4D-462E-90CE-0E02B65B6AF0}.Release|Any CPU.ActiveCfg = Release|Any CPU
		{C9FB66A5-9B4D-462E-90CE-0E02B65B6AF0}.Release|Any CPU.Build.0 = Release|Any CPU
		{720813B8-14AF-471F-89CC-E53BC2EA0ED3}.Debug|Any CPU.ActiveCfg = Debug|Any CPU
		{720813B8-14AF-471F-89CC-E53BC2EA0ED3}.Debug|Any CPU.Build.0 = Debug|Any CPU
		{720813B8-14AF-471F-89CC-E53BC2EA0ED3}.Release|Any CPU.ActiveCfg = Release|Any CPU
		{720813B8-14AF-471F-89CC-E53BC2EA0ED3}.Release|Any CPU.Build.0 = Release|Any CPU
		{253BF1BC-727F-4A06-8142-BD67BA4A795E}.Debug|Any CPU.ActiveCfg = Debug|Any CPU
		{253BF1BC-727F-4A06-8142-BD67BA4A795E}.Debug|Any CPU.Build.0 = Debug|Any CPU
		{253BF1BC-727F-4A06-8142-BD67BA4A795E}.Release|Any CPU.ActiveCfg = Release|Any CPU
		{253BF1BC-727F-4A06-8142-BD67BA4A795E}.Release|Any CPU.Build.0 = Release|Any CPU
		{8D7B671D-2DED-4F6C-8B40-D7282DF6A5A6}.Debug|Any CPU.ActiveCfg = Debug|Any CPU
		{8D7B671D-2DED-4F6C-8B40-D7282DF6A5A6}.Debug|Any CPU.Build.0 = Debug|Any CPU
		{8D7B671D-2DED-4F6C-8B40-D7282DF6A5A6}.Release|Any CPU.ActiveCfg = Release|Any CPU
		{8D7B671D-2DED-4F6C-8B40-D7282DF6A5A6}.Release|Any CPU.Build.0 = Release|Any CPU
	EndGlobalSection
	GlobalSection(SolutionProperties) = preSolution
		HideSolutionNode = FALSE
	EndGlobalSection
	GlobalSection(NestedProjects) = preSolution
		{554AD327-6DBA-4F8F-96F8-81CE7A0C863F} = {265B7F20-3A97-4343-A566-04A254A07DD8}
		{1A94A50E-06DC-43C1-80B5-B662820EC3EB} = {89AFA7CA-DEFB-4F3A-A2F5-7B294750BD34}
		{C956DD76-69C8-4A9C-83EA-D17DF83340FD} = {AA0C389B-A72B-494B-9457-0B6AC4E8DCB8}
		{50B2631D-129C-47B3-A587-029CCD6099BC} = {590A9CA3-465F-4056-8BD0-F4A4F7A474B3}
		{42F719ED-8413-4895-B5B4-5AB56079BC66} = {265B7F20-3A97-4343-A566-04A254A07DD8}
		{520659C8-C734-4298-A3DA-B539DB9DFC0B} = {89AFA7CA-DEFB-4F3A-A2F5-7B294750BD34}
		{4164BDF7-F527-4E85-9CE6-E3C2D7426A27} = {89AFA7CA-DEFB-4F3A-A2F5-7B294750BD34}
		{3B5A0094-670D-4BB1-BFDD-61B88A8773DC} = {89AFA7CA-DEFB-4F3A-A2F5-7B294750BD34}
		{073C361E-B8F4-49F5-93CC-72A3FF49C026} = {C55351CE-5AF2-47EF-B0D6-CB6D4ED73D3C}
		{E6D5BF0E-DE92-4D82-A352-EF04B37CB11C} = {89AFA7CA-DEFB-4F3A-A2F5-7B294750BD34}
		{1FE30EB9-74A9-47F5-A9F6-7B1FAB672D81} = {84026F2C-8B39-4F9E-B103-3C5E669F6D23}
		{91853F21-9CD9-4132-BC29-A7D5D84FFFE7} = {84026F2C-8B39-4F9E-B103-3C5E669F6D23}
		{E512F4D9-9375-480F-A2F6-A46509F9D824} = {590A9CA3-465F-4056-8BD0-F4A4F7A474B3}
		{EF480016-9127-4916-8735-D2466BDBC582} = {84026F2C-8B39-4F9E-B103-3C5E669F6D23}
		{AA94D832-1CCC-4715-95A9-A483F23A1A5D} = {AA0C389B-A72B-494B-9457-0B6AC4E8DCB8}
		{C55351CE-5AF2-47EF-B0D6-CB6D4ED73D3C} = {CA9AC87F-097E-4F15-8393-4BC07735A5B0}
		{B2A21006-B87A-45E2-8E00-146F13D9434B} = {CA9AC87F-097E-4F15-8393-4BC07735A5B0}
		{AA0C389B-A72B-494B-9457-0B6AC4E8DCB8} = {B2A21006-B87A-45E2-8E00-146F13D9434B}
		{265B7F20-3A97-4343-A566-04A254A07DD8} = {B2A21006-B87A-45E2-8E00-146F13D9434B}
		{89AFA7CA-DEFB-4F3A-A2F5-7B294750BD34} = {CA9AC87F-097E-4F15-8393-4BC07735A5B0}
		{6672272A-B662-4617-85B1-F8614CBD4D36} = {CA9AC87F-097E-4F15-8393-4BC07735A5B0}
		{22B34970-E224-48FA-A881-58186C1B9580} = {6672272A-B662-4617-85B1-F8614CBD4D36}
		{6C9DE05F-473F-4B33-A3F6-BEF11C4A8172} = {6672272A-B662-4617-85B1-F8614CBD4D36}
		{203DD14D-5680-42DC-823E-D881825C87C3} = {6672272A-B662-4617-85B1-F8614CBD4D36}
		{C9FB66A5-9B4D-462E-90CE-0E02B65B6AF0} = {6672272A-B662-4617-85B1-F8614CBD4D36}
		{720813B8-14AF-471F-89CC-E53BC2EA0ED3} = {6672272A-B662-4617-85B1-F8614CBD4D36}
		{590A9CA3-465F-4056-8BD0-F4A4F7A474B3} = {04DBDB01-70F4-4E06-B468-8F87850B22BE}
		{6FD5415C-3066-4199-A311-1B96B08497CB} = {04DBDB01-70F4-4E06-B468-8F87850B22BE}
		{253BF1BC-727F-4A06-8142-BD67BA4A795E} = {6FD5415C-3066-4199-A311-1B96B08497CB}
		{8D7B671D-2DED-4F6C-8B40-D7282DF6A5A6} = {6FD5415C-3066-4199-A311-1B96B08497CB}
		{84026F2C-8B39-4F9E-B103-3C5E669F6D23} = {04DBDB01-70F4-4E06-B468-8F87850B22BE}
	EndGlobalSection
	GlobalSection(ExtensibilityGlobals) = postSolution
		SolutionGuid = {28315BFD-90E7-4E14-A2EA-F3D23AF4126F}
	EndGlobalSection
EndGlobal
